{
  "name": "@fathym/eac",
  "version": "0.0.0",
  "lockfileVersion": 2,
  "requires": true,
  "packages": {
    "": {
      "name": "@fathym/eac",
      "version": "0.0.0",
      "license": "MIT",
      "dependencies": {
        "@semanticjs/common": "^0.66.0"
      }
    },
    "node_modules/@aspnet/signalr": {
      "version": "1.0.27",
      "resolved": "https://registry.npmjs.org/@aspnet/signalr/-/signalr-1.0.27.tgz",
      "integrity": "sha512-utZvBF9snjdwIBpvcFa6htqFTVaTN50QIZUoiznKpYSZImew1a1Ci7VYmK8HODqwRqUtj0o5/xR1nzt8xex5sA==",
      "deprecated": "This package is no longer supported. Consider using @microsoft/signalr."
    },
    "node_modules/@semanticjs/common": {
      "version": "0.66.0",
      "resolved": "https://registry.npmjs.org/@semanticjs/common/-/common-0.66.0.tgz",
      "integrity": "sha512-ynP35HU6G7wMfw/MRp/2MxLBykNq6JacXGoKkrE4IuIBsvBkqmjks/WH1B1QGDZZFEdEFDQ3k7fAM/N3clnTGQ==",
      "dependencies": {
        "@aspnet/signalr": "^1.0.27"
      }
    }
  },
  "dependencies": {
    "@aspnet/signalr": {
      "version": "1.0.27",
      "resolved": "https://registry.npmjs.org/@aspnet/signalr/-/signalr-1.0.27.tgz",
      "integrity": "sha512-utZvBF9snjdwIBpvcFa6htqFTVaTN50QIZUoiznKpYSZImew1a1Ci7VYmK8HODqwRqUtj0o5/xR1nzt8xex5sA=="
    },
    "@semanticjs/common": {
      "version": "0.66.0",
      "resolved": "https://registry.npmjs.org/@semanticjs/common/-/common-0.66.0.tgz",
      "integrity": "sha512-ynP35HU6G7wMfw/MRp/2MxLBykNq6JacXGoKkrE4IuIBsvBkqmjks/WH1B1QGDZZFEdEFDQ3k7fAM/N3clnTGQ==",
      "requires": {
        "@aspnet/signalr": "^1.0.27"
      }
    }
  }
}
